
Microsoft Visual Studio Solution File, Format Version 12.00
# Visual Studio 15
VisualStudioVersion = 15.0.28307.1684
MinimumVisualStudioVersion = 10.0.40219.1
Project("{FAE04EC0-301F-11D3-BF4B-00C04F79EFBC}") = "Sudoku", "Sudoku\Sudoku.csproj", "{4026A304-95BA-45BD-A845-2956C6AB3926}"
EndProject
Global
	GlobalSection(SolutionConfigurationPlatforms) = preSolution
		Debug|Any CPU = Debug|Any CPU
		Release|Any CPU = Release|Any CPU
	EndGlobalSection
	GlobalSection(ProjectConfigurationPlatforms) = postSolution
		{4026A304-95BA-45BD-A845-2956C6AB3926}.Debug|Any CPU.ActiveCfg = Debug|Any CPU
		{4026A304-95BA-45BD-A845-2956C6AB3926}.Debug|Any CPU.Build.0 = Debug|Any CPU
		{4026A304-95BA-45BD-A845-2956C6AB3926}.Release|Any CPU.ActiveCfg = Release|Any CPU
		{4026A304-95BA-45BD-A845-2956C6AB3926}.Release|Any CPU.Build.0 = Release|Any CPU
	EndGlobalSection
	GlobalSection(SolutionProperties) = preSolution
		HideSolutionNode = FALSE
	EndGlobalSection
	GlobalSection(ExtensibilityGlobals) = postSolution
		SolutionGuid = {DCD1AD04-4B82-4391-A2D2-A3D3E266BF01}
	EndGlobalSection
EndGlobal
